{
  "name": "espace",
  "version": "0.0.0",
  "lockfileVersion": 1,
  "dependencies": {
    "commander": {
      "version": "2.11.0",
      "resolved": "https://registry.npmjs.org/commander/-/commander-2.11.0.tgz",
      "integrity": "sha512-b0553uYA5YAEGgyYIGYROzKQ7X5RAqedkfjiZxwi0kL1g3bOaBNNZfYkzt/CL0umgD5wc9Jec2FbB98CjkMRvQ==",
      "dev": true
    },
    "source-map": {
      "version": "0.6.1",
      "resolved": "https://registry.npmjs.org/source-map/-/source-map-0.6.1.tgz",
      "integrity": "sha512-UjgapumWlbMhkBgzT7Ykc5YXUT46F0iKu8SGXq0bcwP5dz/h0Plj6enJqjz1Zbq2l5WaqYnrVbwWOWMyF3F47g==",
      "dev": true
    },
    "uglify-es": {
      "version": "3.1.10",
      "resolved": "https://registry.npmjs.org/uglify-es/-/uglify-es-3.1.10.tgz",
      "integrity": "sha512-RwBX0aOeHvO8MKKUeLCArQGb9OZ6xA+EqfVxsE9wqK0saFYFVLIFvHeeCOg61C6NO6KCuSiG9OjNjCA+OB4nzg==",
      "dev": true
    }
  }
}
